
Microsoft Visual Studio Solution File, Format Version 12.00
# Visual Studio Version 17
VisualStudioVersion = 17.2.32616.157
MinimumVisualStudioVersion = 10.0.40219.1
Project("{FAE04EC0-301F-11D3-BF4B-00C04F79EFBC}") = "WebApplicationvalueservice", "WebApplicationvalueservice\WebApplicationvalueservice.csproj", "{181A7A91-D211-42C2-A66C-86D1BB300CCB}"
EndProject
Global
	GlobalSection(SolutionConfigurationPlatforms) = preSolution
		Debug|Any CPU = Debug|Any CPU
		Release|Any CPU = Release|Any CPU
	EndGlobalSection
	GlobalSection(ProjectConfigurationPlatforms) = postSolution
		{181A7A91-D211-42C2-A66C-86D1BB300CCB}.Debug|Any CPU.ActiveCfg = Debug|Any CPU
		{181A7A91-D211-42C2-A66C-86D1BB300CCB}.Debug|Any CPU.Build.0 = Debug|Any CPU
		{181A7A91-D211-42C2-A66C-86D1BB300CCB}.Release|Any CPU.ActiveCfg = Release|Any CPU
		{181A7A91-D211-42C2-A66C-86D1BB300CCB}.Release|Any CPU.Build.0 = Release|Any CPU
	EndGlobalSection
	GlobalSection(SolutionProperties) = preSolution
		HideSolutionNode = FALSE
	EndGlobalSection
	GlobalSection(ExtensibilityGlobals) = postSolution
		SolutionGuid = {1F70BC75-032A-4EFA-BA96-98F7F7482ABB}
	EndGlobalSection
EndGlobal
